Microsoft Visual Studio Solution File, Format Version 12.00
# Visual Studio Version 16
VisualStudioVersion = 16.0.30128.74
MinimumVisualStudioVersion = 10.0.40219.1
Project("{FAE04EC0-301F-11D3-BF4B-00C04F79EFBC}") = "OpenHardwareMonitorPlugin", "OpenHardwareMonitorPlugin\OpenHardwareMonitorPlugin.csproj", "{5BE8F941-AB06-4FDA-A4A8-E28725713261}"
EndProject
Project("{FAE04EC0-301F-11D3-BF4B-00C04F79EFBC}") = "OpenHardwareMonitorPlugin.Tests", "OpenHardwareMonitorPlugin.Tests\OpenHardwareMonitorPlugin.Tests.csproj", "{9F652517-D5F3-4B51-BD18-89C2C5DADF48}"
EndProject
Global
	GlobalSection(SolutionConfigurationPlatforms) = preSolution
		Debug|Any CPU = Debug|Any CPU
		Release|Any CPU = Release|Any CPU
	EndGlobalSection
	GlobalSection(ProjectConfigurationPlatforms) = postSolution
		{5BE8F941-AB06-4FDA-A4A8-E28725713261}.Debug|Any CPU.ActiveCfg = Debug|Any CPU
		{5BE8F941-AB06-4FDA-A4A8-E28725713261}.Debug|Any CPU.Build.0 = Debug|Any CPU
		{5BE8F941-AB06-4FDA-A4A8-E28725713261}.Release|Any CPU.ActiveCfg = Release|Any CPU
		{5BE8F941-AB06-4FDA-A4A8-E28725713261}.Release|Any CPU.Build.0 = Release|Any CPU
		{9F652517-D5F3-4B51-BD18-89C2C5DADF48}.Debug|Any CPU.ActiveCfg = Debug|Any CPU
		{9F652517-D5F3-4B51-BD18-89C2C5DADF48}.Debug|Any CPU.Build.0 = Debug|Any CPU
		{9F652517-D5F3-4B51-BD18-89C2C5DADF48}.Release|Any CPU.ActiveCfg = Release|Any CPU
		{9F652517-D5F3-4B51-BD18-89C2C5DADF48}.Release|Any CPU.Build.0 = Release|Any CPU
	EndGlobalSection
	GlobalSection(SolutionProperties) = preSolution
		HideSolutionNode = FALSE
	EndGlobalSection
	GlobalSection(ExtensibilityGlobals) = postSolution
		SolutionGuid = {ABBE761E-AD9F-41B1-BE34-FDB8B773648F}
	EndGlobalSection
EndGlobal
